
Microsoft Visual Studio Solution File, Format Version 12.00
# Visual Studio 2012
Project("{00D1A9C2-B5F0-4AF3-8072-F6C62B433612}") = "Take65", "Take65\Take65.sqlproj", "{289081C8-E8A9-48EB-ACA4-5C392D7E82C0}"
EndProject
Global
	GlobalSection(TeamFoundationVersionControl) = preSolution
		SccNumberOfProjects = 2
		SccEnterpriseProvider = {4CA58AB2-18FA-4F8D-95D4-32DDF27D184C}
		SccTeamFoundationServer = http://code.netbiis.com:8080/
		SccLocalPath0 = .
		SccProjectUniqueName1 = Take65\\Take65.sqlproj
		SccProjectName1 = Take65
		SccLocalPath1 = Take65
	EndGlobalSection
	GlobalSection(SolutionConfigurationPlatforms) = preSolution
		Debug|Any CPU = Debug|Any CPU
		Release|Any CPU = Release|Any CPU
	EndGlobalSection
	GlobalSection(ProjectConfigurationPlatforms) = postSolution
		{289081C8-E8A9-48EB-ACA4-5C392D7E82C0}.Debug|Any CPU.ActiveCfg = Debug|Any CPU
		{289081C8-E8A9-48EB-ACA4-5C392D7E82C0}.Debug|Any CPU.Build.0 = Debug|Any CPU
		{289081C8-E8A9-48EB-ACA4-5C392D7E82C0}.Debug|Any CPU.Deploy.0 = Debug|Any CPU
		{289081C8-E8A9-48EB-ACA4-5C392D7E82C0}.Release|Any CPU.ActiveCfg = Release|Any CPU
		{289081C8-E8A9-48EB-ACA4-5C392D7E82C0}.Release|Any CPU.Build.0 = Release|Any CPU
		{289081C8-E8A9-48EB-ACA4-5C392D7E82C0}.Release|Any CPU.Deploy.0 = Release|Any CPU
	EndGlobalSection
	GlobalSection(SolutionProperties) = preSolution
		HideSolutionNode = FALSE
	EndGlobalSection
EndGlobal
